
Microsoft Visual Studio Solution File, Format Version 12.00
# Visual Studio 14
VisualStudioVersion = 14.0.25420.1
MinimumVisualStudioVersion = 10.0.40219.1
Project("{2150E333-8FDC-42A3-9474-1A3956D46DE8}") = "src", "src", "{9441DE71-3A42-4BB9-BF39-4EA2860791E6}"
EndProject
Project("{2150E333-8FDC-42A3-9474-1A3956D46DE8}") = "Solution Items", "Solution Items", "{DA8D1C8B-51C7-4340-BF98-6DB2ADFA19F2}"
	ProjectSection(SolutionItems) = preProject
		global.json = global.json
	EndProjectSection
EndProject
Project("{8BB2217D-0F2D-49D1-97BC-3654ED321F3B}") = "SimpleDAO", "src\SimpleDAO\SimpleDAO.xproj", "{17D9A7C0-AEAE-41B0-96D1-78B7CC8F848C}"
EndProject
Project("{8BB2217D-0F2D-49D1-97BC-3654ED321F3B}") = "SimpleDAO.EFCore", "src\SimpleDAO.EFCore\SimpleDAO.EFCore.xproj", "{EA77FAD9-36E4-4BB0-8445-3F353EFA6B11}"
EndProject
Project("{8BB2217D-0F2D-49D1-97BC-3654ED321F3B}") = "SimpleDAO.EntityFramework", "src\SimpleDAO.EntityFramework\SimpleDAO.EntityFramework.xproj", "{532BB66E-5A0F-41BF-B86C-3EDBD1B487D7}"
EndProject
Project("{2150E333-8FDC-42A3-9474-1A3956D46DE8}") = "test", "test", "{228BA899-BBD5-43CA-8251-8ED0CB9D8B87}"
EndProject
Project("{8BB2217D-0F2D-49D1-97BC-3654ED321F3B}") = "SimpleDAO.Tests", "test\SimpleDAO.Tests\SimpleDAO.Tests.xproj", "{238A1BD8-9415-4F76-B0A5-8B1D48DB10FE}"
EndProject
Project("{8BB2217D-0F2D-49D1-97BC-3654ED321F3B}") = "SimpleDAO.Tests.Domain", "test\SimpleDAO.Tests.Domain\SimpleDAO.Tests.Domain.xproj", "{4DB4F4CE-894E-429C-B5EA-8580F2E4041F}"
EndProject
Project("{8BB2217D-0F2D-49D1-97BC-3654ED321F3B}") = "SimpleDAO.Tests.DAL", "test\SimpleDAO.Tests.DAL\SimpleDAO.Tests.DAL.xproj", "{355A7E66-374C-4B69-BBAD-5BE57CE51176}"
EndProject
Project("{8BB2217D-0F2D-49D1-97BC-3654ED321F3B}") = "SimpleDAO.Tests.DAL.EF6", "test\SimpleDAO.Tests.DAL.EF6\SimpleDAO.Tests.DAL.EF6.xproj", "{96409A8D-8E6B-4762-873A-88BCFA7FC97C}"
EndProject
Project("{8BB2217D-0F2D-49D1-97BC-3654ED321F3B}") = "SimpleDAO.Tests.DAL.EFCore", "test\SimpleDAO.Tests.DAL.EFCore\SimpleDAO.Tests.DAL.EFCore.xproj", "{18295E03-908E-48A4-8879-1570AF933CD1}"
EndProject
Project("{8BB2217D-0F2D-49D1-97BC-3654ED321F3B}") = "SimpleDAO.InMemory", "src\SimpleDAO.InMemory\SimpleDAO.InMemory.xproj", "{C8E3C7B5-1BCC-47FF-AF2A-64ACBBC1917E}"
EndProject
Global
	GlobalSection(SolutionConfigurationPlatforms) = preSolution
		Debug|Any CPU = Debug|Any CPU
		Release|Any CPU = Release|Any CPU
	EndGlobalSection
	GlobalSection(ProjectConfigurationPlatforms) = postSolution
		{17D9A7C0-AEAE-41B0-96D1-78B7CC8F848C}.Debug|Any CPU.ActiveCfg = Debug|Any CPU
		{17D9A7C0-AEAE-41B0-96D1-78B7CC8F848C}.Debug|Any CPU.Build.0 = Debug|Any CPU
		{17D9A7C0-AEAE-41B0-96D1-78B7CC8F848C}.Release|Any CPU.ActiveCfg = Release|Any CPU
		{17D9A7C0-AEAE-41B0-96D1-78B7CC8F848C}.Release|Any CPU.Build.0 = Release|Any CPU
		{EA77FAD9-36E4-4BB0-8445-3F353EFA6B11}.Debug|Any CPU.ActiveCfg = Debug|Any CPU
		{EA77FAD9-36E4-4BB0-8445-3F353EFA6B11}.Debug|Any CPU.Build.0 = Debug|Any CPU
		{EA77FAD9-36E4-4BB0-8445-3F353EFA6B11}.Release|Any CPU.ActiveCfg = Release|Any CPU
		{EA77FAD9-36E4-4BB0-8445-3F353EFA6B11}.Release|Any CPU.Build.0 = Release|Any CPU
		{532BB66E-5A0F-41BF-B86C-3EDBD1B487D7}.Debug|Any CPU.ActiveCfg = Debug|Any CPU
		{532BB66E-5A0F-41BF-B86C-3EDBD1B487D7}.Debug|Any CPU.Build.0 = Debug|Any CPU
		{532BB66E-5A0F-41BF-B86C-3EDBD1B487D7}.Release|Any CPU.ActiveCfg = Release|Any CPU
		{532BB66E-5A0F-41BF-B86C-3EDBD1B487D7}.Release|Any CPU.Build.0 = Release|Any CPU
		{238A1BD8-9415-4F76-B0A5-8B1D48DB10FE}.Debug|Any CPU.ActiveCfg = Debug|Any CPU
		{238A1BD8-9415-4F76-B0A5-8B1D48DB10FE}.Debug|Any CPU.Build.0 = Debug|Any CPU
		{238A1BD8-9415-4F76-B0A5-8B1D48DB10FE}.Release|Any CPU.ActiveCfg = Release|Any CPU
		{238A1BD8-9415-4F76-B0A5-8B1D48DB10FE}.Release|Any CPU.Build.0 = Release|Any CPU
		{4DB4F4CE-894E-429C-B5EA-8580F2E4041F}.Debug|Any CPU.ActiveCfg = Debug|Any CPU
		{4DB4F4CE-894E-429C-B5EA-8580F2E4041F}.Debug|Any CPU.Build.0 = Debug|Any CPU
		{4DB4F4CE-894E-429C-B5EA-8580F2E4041F}.Release|Any CPU.ActiveCfg = Release|Any CPU
		{4DB4F4CE-894E-429C-B5EA-8580F2E4041F}.Release|Any CPU.Build.0 = Release|Any CPU
		{355A7E66-374C-4B69-BBAD-5BE57CE51176}.Debug|Any CPU.ActiveCfg = Debug|Any CPU
		{355A7E66-374C-4B69-BBAD-5BE57CE51176}.Debug|Any CPU.Build.0 = Debug|Any CPU
		{355A7E66-374C-4B69-BBAD-5BE57CE51176}.Release|Any CPU.ActiveCfg = Release|Any CPU
		{355A7E66-374C-4B69-BBAD-5BE57CE51176}.Release|Any CPU.Build.0 = Release|Any CPU
		{96409A8D-8E6B-4762-873A-88BCFA7FC97C}.Debug|Any CPU.ActiveCfg = Debug|Any CPU
		{96409A8D-8E6B-4762-873A-88BCFA7FC97C}.Debug|Any CPU.Build.0 = Debug|Any CPU
		{96409A8D-8E6B-4762-873A-88BCFA7FC97C}.Release|Any CPU.ActiveCfg = Release|Any CPU
		{96409A8D-8E6B-4762-873A-88BCFA7FC97C}.Release|Any CPU.Build.0 = Release|Any CPU
		{18295E03-908E-48A4-8879-1570AF933CD1}.Debug|Any CPU.ActiveCfg = Debug|Any CPU
		{18295E03-908E-48A4-8879-1570AF933CD1}.Debug|Any CPU.Build.0 = Debug|Any CPU
		{18295E03-908E-48A4-8879-1570AF933CD1}.Release|Any CPU.ActiveCfg = Release|Any CPU
		{18295E03-908E-48A4-8879-1570AF933CD1}.Release|Any CPU.Build.0 = Release|Any CPU
		{C8E3C7B5-1BCC-47FF-AF2A-64ACBBC1917E}.Debug|Any CPU.ActiveCfg = Debug|Any CPU
		{C8E3C7B5-1BCC-47FF-AF2A-64ACBBC1917E}.Debug|Any CPU.Build.0 = Debug|Any CPU
		{C8E3C7B5-1BCC-47FF-AF2A-64ACBBC1917E}.Release|Any CPU.ActiveCfg = Release|Any CPU
		{C8E3C7B5-1BCC-47FF-AF2A-64ACBBC1917E}.Release|Any CPU.Build.0 = Release|Any CPU
	EndGlobalSection
	GlobalSection(SolutionProperties) = preSolution
		HideSolutionNode = FALSE
	EndGlobalSection
	GlobalSection(NestedProjects) = preSolution
		{17D9A7C0-AEAE-41B0-96D1-78B7CC8F848C} = {9441DE71-3A42-4BB9-BF39-4EA2860791E6}
		{EA77FAD9-36E4-4BB0-8445-3F353EFA6B11} = {9441DE71-3A42-4BB9-BF39-4EA2860791E6}
		{532BB66E-5A0F-41BF-B86C-3EDBD1B487D7} = {9441DE71-3A42-4BB9-BF39-4EA2860791E6}
		{238A1BD8-9415-4F76-B0A5-8B1D48DB10FE} = {228BA899-BBD5-43CA-8251-8ED0CB9D8B87}
		{4DB4F4CE-894E-429C-B5EA-8580F2E4041F} = {228BA899-BBD5-43CA-8251-8ED0CB9D8B87}
		{355A7E66-374C-4B69-BBAD-5BE57CE51176} = {228BA899-BBD5-43CA-8251-8ED0CB9D8B87}
		{96409A8D-8E6B-4762-873A-88BCFA7FC97C} = {228BA899-BBD5-43CA-8251-8ED0CB9D8B87}
		{18295E03-908E-48A4-8879-1570AF933CD1} = {228BA899-BBD5-43CA-8251-8ED0CB9D8B87}
		{C8E3C7B5-1BCC-47FF-AF2A-64ACBBC1917E} = {9441DE71-3A42-4BB9-BF39-4EA2860791E6}
	EndGlobalSection
EndGlobal
