
Microsoft Visual Studio Solution File, Format Version 12.00
# Visual Studio 14
VisualStudioVersion = 14.0.23107.0
MinimumVisualStudioVersion = 10.0.40219.1
Project("{FAE04EC0-301F-11D3-BF4B-00C04F79EFBC}") = "UnityExample", "UnityExample\UnityExample.csproj", "{277E0B76-E667-4BF8-88D5-80132186FB23}"
EndProject
Project("{FAE04EC0-301F-11D3-BF4B-00C04F79EFBC}") = "UnityExample.Domain", "UnityExample.Domain\UnityExample.Domain.csproj", "{7348B610-91A7-4BE2-A26C-E0F65142E6EA}"
EndProject
Project("{FAE04EC0-301F-11D3-BF4B-00C04F79EFBC}") = "UnityExample.DAL", "UnityExample.DAL\UnityExample.DAL.csproj", "{D39FCD60-579F-4A46-9916-26B929306056}"
EndProject
Project("{FAE04EC0-301F-11D3-BF4B-00C04F79EFBC}") = "UnityExample.DAL.EntityFramework", "UnityExample.DAL.EntityFramework\UnityExample.DAL.EntityFramework.csproj", "{725872C6-53C2-49D9-8607-522DDCFEB94F}"
EndProject
Project("{00D1A9C2-B5F0-4AF3-8072-F6C62B433612}") = "UnityExample.Database", "UnityExample.Database\UnityExample.Database.sqlproj", "{02F89664-9120-42B6-B6A0-F6B7FC23DD88}"
EndProject
Global
	GlobalSection(SolutionConfigurationPlatforms) = preSolution
		Debug|Any CPU = Debug|Any CPU
		Release|Any CPU = Release|Any CPU
	EndGlobalSection
	GlobalSection(ProjectConfigurationPlatforms) = postSolution
		{277E0B76-E667-4BF8-88D5-80132186FB23}.Debug|Any CPU.ActiveCfg = Debug|Any CPU
		{277E0B76-E667-4BF8-88D5-80132186FB23}.Debug|Any CPU.Build.0 = Debug|Any CPU
		{277E0B76-E667-4BF8-88D5-80132186FB23}.Release|Any CPU.ActiveCfg = Release|Any CPU
		{277E0B76-E667-4BF8-88D5-80132186FB23}.Release|Any CPU.Build.0 = Release|Any CPU
		{7348B610-91A7-4BE2-A26C-E0F65142E6EA}.Debug|Any CPU.ActiveCfg = Debug|Any CPU
		{7348B610-91A7-4BE2-A26C-E0F65142E6EA}.Debug|Any CPU.Build.0 = Debug|Any CPU
		{7348B610-91A7-4BE2-A26C-E0F65142E6EA}.Release|Any CPU.ActiveCfg = Release|Any CPU
		{7348B610-91A7-4BE2-A26C-E0F65142E6EA}.Release|Any CPU.Build.0 = Release|Any CPU
		{D39FCD60-579F-4A46-9916-26B929306056}.Debug|Any CPU.ActiveCfg = Debug|Any CPU
		{D39FCD60-579F-4A46-9916-26B929306056}.Debug|Any CPU.Build.0 = Debug|Any CPU
		{D39FCD60-579F-4A46-9916-26B929306056}.Release|Any CPU.ActiveCfg = Release|Any CPU
		{D39FCD60-579F-4A46-9916-26B929306056}.Release|Any CPU.Build.0 = Release|Any CPU
		{725872C6-53C2-49D9-8607-522DDCFEB94F}.Debug|Any CPU.ActiveCfg = Debug|Any CPU
		{725872C6-53C2-49D9-8607-522DDCFEB94F}.Debug|Any CPU.Build.0 = Debug|Any CPU
		{725872C6-53C2-49D9-8607-522DDCFEB94F}.Release|Any CPU.ActiveCfg = Release|Any CPU
		{725872C6-53C2-49D9-8607-522DDCFEB94F}.Release|Any CPU.Build.0 = Release|Any CPU
		{02F89664-9120-42B6-B6A0-F6B7FC23DD88}.Debug|Any CPU.ActiveCfg = Debug|Any CPU
		{02F89664-9120-42B6-B6A0-F6B7FC23DD88}.Debug|Any CPU.Build.0 = Debug|Any CPU
		{02F89664-9120-42B6-B6A0-F6B7FC23DD88}.Debug|Any CPU.Deploy.0 = Debug|Any CPU
		{02F89664-9120-42B6-B6A0-F6B7FC23DD88}.Release|Any CPU.ActiveCfg = Release|Any CPU
		{02F89664-9120-42B6-B6A0-F6B7FC23DD88}.Release|Any CPU.Build.0 = Release|Any CPU
		{02F89664-9120-42B6-B6A0-F6B7FC23DD88}.Release|Any CPU.Deploy.0 = Release|Any CPU
	EndGlobalSection
	GlobalSection(SolutionProperties) = preSolution
		HideSolutionNode = FALSE
	EndGlobalSection
EndGlobal
